<Solution>
  <Folder Name="/Libs/">
    <Project Path="../../src/Miko.DevTools/Miko.DevTools.csproj" />
    <Project Path="../../src/Miko.Ionic/Miko.Ionic.csproj" />
    <Project Path="../../src/Miko.Razor.Compiler/Miko.Razor.Compiler.csproj" />
    <Project Path="../../src/Miko.Simulator/Miko.Simulator.csproj" />
    <Project Path="../../src/Miko.SourceGenerators/Miko.SourceGenerators.csproj" />
    <Project Path="../../src/Miko.Windowing/Miko.Windowing.csproj" />
    <Project Path="../../src/Miko/Miko.csproj" />
  </Folder>
  <Project Path="IonicComponents/IonicComponents.csproj" />
  <Project Path="IonicDemo/IonicDemo.csproj" />
</Solution>
